
Microsoft Visual Studio Solution File, Format Version 10.00
# Visual Studio 2008
Project("{FAE04EC0-301F-11D3-BF4B-00C04F79EFBC}") = "Pysor", "Pysor\Pysor.csproj", "{E88D5295-B9C7-49B3-BE2B-110B68D6E446}"
EndProject
Project("{FAE04EC0-301F-11D3-BF4B-00C04F79EFBC}") = "Tests", "Tests\Tests.csproj", "{DB0201CE-6B4B-4D3D-8CE4-EF829D152A6E}"
EndProject
Project("{FAE04EC0-301F-11D3-BF4B-00C04F79EFBC}") = "WindsorSample", "WindsorSample\WindsorSample.csproj", "{C082F47B-C2AB-4F69-BDDD-D3B193A3DA4A}"
EndProject
Global
	GlobalSection(SolutionConfigurationPlatforms) = preSolution
		Debug|Any CPU = Debug|Any CPU
		Release|Any CPU = Release|Any CPU
	EndGlobalSection
	GlobalSection(ProjectConfigurationPlatforms) = postSolution
		{E88D5295-B9C7-49B3-BE2B-110B68D6E446}.Debug|Any CPU.ActiveCfg = Debug|Any CPU
		{E88D5295-B9C7-49B3-BE2B-110B68D6E446}.Debug|Any CPU.Build.0 = Debug|Any CPU
		{E88D5295-B9C7-49B3-BE2B-110B68D6E446}.Release|Any CPU.ActiveCfg = Release|Any CPU
		{E88D5295-B9C7-49B3-BE2B-110B68D6E446}.Release|Any CPU.Build.0 = Release|Any CPU
		{DB0201CE-6B4B-4D3D-8CE4-EF829D152A6E}.Debug|Any CPU.ActiveCfg = Debug|Any CPU
		{DB0201CE-6B4B-4D3D-8CE4-EF829D152A6E}.Debug|Any CPU.Build.0 = Debug|Any CPU
		{DB0201CE-6B4B-4D3D-8CE4-EF829D152A6E}.Release|Any CPU.ActiveCfg = Release|Any CPU
		{DB0201CE-6B4B-4D3D-8CE4-EF829D152A6E}.Release|Any CPU.Build.0 = Release|Any CPU
		{C082F47B-C2AB-4F69-BDDD-D3B193A3DA4A}.Debug|Any CPU.ActiveCfg = Debug|Any CPU
		{C082F47B-C2AB-4F69-BDDD-D3B193A3DA4A}.Debug|Any CPU.Build.0 = Debug|Any CPU
		{C082F47B-C2AB-4F69-BDDD-D3B193A3DA4A}.Release|Any CPU.ActiveCfg = Release|Any CPU
		{C082F47B-C2AB-4F69-BDDD-D3B193A3DA4A}.Release|Any CPU.Build.0 = Release|Any CPU
	EndGlobalSection
	GlobalSection(SolutionProperties) = preSolution
		HideSolutionNode = FALSE
	EndGlobalSection
EndGlobal
